{
  "name": "myproject",
  "version": "1.0.0",
  "lockfileVersion": 1,
  "requires": true,
  "dependencies": {
    "@types/c3": {
      "version": "0.6.0",
      "resolved": "https://registry.npmjs.org/@types/c3/-/c3-0.6.0.tgz",
      "integrity": "sha512-49E+Oh7KDKd8Dg4WjYh8NvFSZlmPUYuNquJzTvhk+CaBhsN7z+m1U/jmGS4V2QWHxBwj1HT7Hdz2mWbRXEmjQA==",
      "optional": true,
      "requires": {
        "@types/d3": "4.13.0"
      }
    },
    "@types/d3": {
      "version": "4.13.0",
      "resolved": "https://registry.npmjs.org/@types/d3/-/d3-4.13.0.tgz",
      "integrity": "sha512-L7C+aOIl+z/e7pPBvRXxA9EZ8a5RIZSq4UnTgdjCnypYV3bPI1wpx81snC8pE1zB4SZQC/WK4noZUHzWAABfBA==",
      "optional": true,
      "requires": {
        "@types/d3-array": "1.2.1",
        "@types/d3-axis": "1.0.10",
        "@types/d3-brush": "1.0.8",
        "@types/d3-chord": "1.0.7",
        "@types/d3-collection": "1.0.7",
        "@types/d3-color": "1.2.1",
        "@types/d3-dispatch": "1.0.6",
        "@types/d3-drag": "1.2.1",
        "@types/d3-dsv": "1.0.33",
        "@types/d3-ease": "1.0.7",
        "@types/d3-force": "1.1.1",
        "@types/d3-format": "1.3.0",
        "@types/d3-geo": "1.10.3",
        "@types/d3-hierarchy": "1.1.2",
        "@types/d3-interpolate": "1.2.0",
        "@types/d3-path": "1.0.7",
        "@types/d3-polygon": "1.0.6",
        "@types/d3-quadtree": "1.0.5",
        "@types/d3-queue": "3.0.6",
        "@types/d3-random": "1.1.1",
        "@types/d3-request": "1.0.2",
        "@types/d3-scale": "1.0.13",
        "@types/d3-selection": "1.3.1",
        "@types/d3-shape": "1.2.3",
        "@types/d3-time": "1.0.8",
        "@types/d3-time-format": "2.1.0",
        "@types/d3-timer": "1.0.7",
        "@types/d3-transition": "1.1.2",
        "@types/d3-voronoi": "1.1.7",
        "@types/d3-zoom": "1.7.1"
      }
    },
    "@types/d3-array": {
      "version": "1.2.1",
      "resolved": "https://registry.npmjs.org/@types/d3-array/-/d3-array-1.2.1.tgz",
      "integrity": "sha512-YBaAfimGdWE4nDuoGVKsH89/dkz2hWZ0i8qC+xxqmqi+XJ/aXiRF0jPtzXmN7VdkpVjy1xuDmM5/m1FNuB6VWA==",
      "optional": true
    },
    "@types/d3-axis": {
      "version": "1.0.10",
      "resolved": "https://registry.npmjs.org/@types/d3-axis/-/d3-axis-1.0.10.tgz",
      "integrity": "sha512-5YF0wfdQMPKw01VAAupLIlg/T4pn5M3/vL9u0KZjiemnVnnKBEWE24na4X1iW+TfZiYJ8j+BgK2KFYnAAT54Ug==",
      "optional": true,
      "requires": {
        "@types/d3-selection": "1.3.1"
      }
    },
    "@types/d3-brush": {
      "version": "1.0.8",
      "resolved": "https://registry.npmjs.org/@types/d3-brush/-/d3-brush-1.0.8.tgz",
      "integrity": "sha512-9Thv09jvolu9T1BE3fHmIeYSgbwSpdxtF6/A5HZEDjSTfgtA0mtaXRk5AiWOo0KjuLsI+/7ggD3ZGN5Ye8KXPQ==",
      "optional": true,
      "requires": {
        "@types/d3-selection": "1.3.1"
      }
    },
    "@types/d3-chord": {
      "version": "1.0.7",
      "resolved": "https://registry.npmjs.org/@types/d3-chord/-/d3-chord-1.0.7.tgz",
      "integrity": "sha512-WbCN7SxhZMpQQw46oSjAovAmvl3IdjhLuQ4r7AXCzNKyxtXXBWuihSPZ4bVwFQF3+S2z37i9d4hfUBatcSJpog==",
      "optional": true
    },
    "@types/d3-collection": {
      "version": "1.0.7",
      "resolved": "https://registry.npmjs.org/@types/d3-collection/-/d3-collection-1.0.7.tgz",
      "integrity": "sha512-vR3BT0GwHc5y93Jv6bxn3zoxP/vGu+GdXu/r1ApjbP9dLk9I2g6NiV7iP/QMQSuFZd0It0n/qWrfXHxCWwHIkg==",
      "optional": true
    },
    "@types/d3-color": {
      "version": "1.2.1",
      "resolved": "https://registry.npmjs.org/@types/d3-color/-/d3-color-1.2.1.tgz",
      "integrity": "sha512-xwb1tqvYNWllbHuhMFhiXk63Imf+QNq/dJdmbXmr2wQVnwGenCuj3/0IWJ9hdIFQIqzvhT7T37cvx93jtAsDbQ=="
    },
    "@types/d3-dispatch": {
      "version": "1.0.6",
      "resolved": "https://registry.npmjs.org/@types/d3-dispatch/-/d3-dispatch-1.0.6.tgz",
      "integrity": "sha512-xyWJQMr832vqhu6fD/YqX+MSFBWnkxasNhcStvlhqygXxj0cKqPft0wuGoH5TIq5ADXgP83qeNVa4R7bEYN3uA==",
      "optional": true
    },
    "@types/d3-drag": {
      "version": "1.2.1",
      "resolved": "https://registry.npmjs.org/@types/d3-drag/-/d3-drag-1.2.1.tgz",
      "integrity": "sha512-J9liJ4NNeV0oN40MzPiqwWjqNi3YHCRtHNfNMZ1d3uL9yh1+vDuo346LBEr8yyBm30WHvrHssAkExVZrGCswtA==",
      "optional": true,
      "requires": {
        "@types/d3-selection": "1.3.1"
      }
    },
    "@types/d3-dsv": {
      "version": "1.0.33",
      "resolved": "https://registry.npmjs.org/@types/d3-dsv/-/d3-dsv-1.0.33.tgz",
      "integrity": "sha512-jx5YvaVC3Wfh6LobaiWTeU1NkvL2wPmmpmajk618bD+xVz98yNWzmZMvmlPHGK0HXbMeHmW/6oVX48V9AH1bRQ=="
    },
    "@types/d3-ease": {
      "version": "1.0.7",
      "resolved": "https://registry.npmjs.org/@types/d3-ease/-/d3-ease-1.0.7.tgz",
      "integrity": "sha1-k6MBhovp4VBh89RDQ7GrP4rLbwk=",
      "optional": true
    },
    "@types/d3-force": {
      "version": "1.1.1",
      "resolved": "https://registry.npmjs.org/@types/d3-force/-/d3-force-1.1.1.tgz",
      "integrity": "sha512-ePkELuaFWY4yOuf+Bvx5Xd+ihFiYG4bdnW0BlvigovIm8Sob2t76e9RGO6lybQbv6AlW9Icn9HuZ9fmdzEoJyg==",
      "optional": true
    },
    "@types/d3-format": {
      "version": "1.3.0",
      "resolved": "https://registry.npmjs.org/@types/d3-format/-/d3-format-1.3.0.tgz",
      "integrity": "sha512-ZiY4j3iJvAdOwzwW24WjlZbUNvqOsnPAMfPBmdXqxj3uKJbrzBlRrdGl5uC89pZpFs9Dc92E81KcwG2uEgkIZA==",
      "optional": true
    },
    "@types/d3-geo": {
      "version": "1.10.3",
      "resolved": "https://registry.npmjs.org/@types/d3-geo/-/d3-geo-1.10.3.tgz",
      "integrity": "sha512-hfdaxM2L0wA9mDZrrSf2o+DyhEpnJYCiAN+lHFtpfZOVCQrYBA5g33sGRpUbAvjSMyO5jkHbftMWPEhuCMChSg==",
      "optional": true,
      "requires": {
        "@types/geojson": "7946.0.4"
      }
    },
    "@types/d3-hierarchy": {
      "version": "1.1.2",
      "resolved": "https://registry.npmjs.org/@types/d3-hierarchy/-/d3-hierarchy-1.1.2.tgz",
      "integrity": "sha512-L+Ht4doqlCIH8jYN2AC1mYIOj13OxlRhdWNWXv2pc3o5A9i3YmQ0kz6A7w8c+Ujylfusi/FO+zVlVnQoOHc2Qw==",
      "optional": true
    },
    "@types/d3-interpolate": {
      "version": "1.2.0",
      "resolved": "https://registry.npmjs.org/@types/d3-interpolate/-/d3-interpolate-1.2.0.tgz",
      "integrity": "sha512-qM9KlUrqbwIhBRtw9OtAEbkis1AxsOJEun2uxaX/vEsBp3vyNBmhPz9boXXEqic9ZRi7fCpUNRwyZvxa0PioIw==",
      "requires": {
        "@types/d3-color": "1.2.1"
      }
    },
    "@types/d3-path": {
      "version": "1.0.7",
      "resolved": "https://registry.npmjs.org/@types/d3-path/-/d3-path-1.0.7.tgz",
      "integrity": "sha512-U8dFRG+8WhkLJr2sxZ9Cw/5WeRgBnNqMxGdA1+Z0+ZG6tK0s75OQ4OXnxeyfKuh6E4wQPY8OAKr1+iNDx01BEQ=="
    },
    "@types/d3-polygon": {
      "version": "1.0.6",
      "resolved": "https://registry.npmjs.org/@types/d3-polygon/-/d3-polygon-1.0.6.tgz",
      "integrity": "sha512-E6Kyodn9JThgLq20nxSbEce9ow5/ePgm9PX2EO6W1INIL4DayM7cFaiG10DStuamjYAd0X4rntW2q+GRjiIktw==",
      "optional": true
    },
    "@types/d3-quadtree": {
      "version": "1.0.5",
      "resolved": "https://registry.npmjs.org/@types/d3-quadtree/-/d3-quadtree-1.0.5.tgz",
      "integrity": "sha1-HOHmWerkUw3wyxJ/KX8XQaNnqC4=",
      "optional": true
    },
    "@types/d3-queue": {
      "version": "3.0.6",
      "resolved": "https://registry.npmjs.org/@types/d3-queue/-/d3-queue-3.0.6.tgz",
      "integrity": "sha512-CGGs7QeUs4F9YoD7KM0l4jwQ3wj2UqVLIweRk/OxF5n3ujnSJoT/wzIl2TCR0TiY88LEAnBfW+LhEJm9famk6A==",
      "optional": true
    },
    "@types/d3-random": {
      "version": "1.1.1",
      "resolved": "https://registry.npmjs.org/@types/d3-random/-/d3-random-1.1.1.tgz",
      "integrity": "sha512-jUPeBq1XKK9/5XasTvy5QAUwFeMsjma2yt/nP02yC2Tijovx7i/W5776U/HZugxc5SSmtpx4Z3g9KFVon0QrjQ==",
      "optional": true
    },
    "@types/d3-request": {
      "version": "1.0.2",
      "resolved": "https://registry.npmjs.org/@types/d3-request/-/d3-request-1.0.2.tgz",
      "integrity": "sha1-2524FU9HgWWEcGxub3Ar5m8i9L4=",
      "optional": true,
      "requires": {
        "@types/d3-dsv": "1.0.33"
      }
    },
    "@types/d3-scale": {
      "version": "1.0.13",
      "resolved": "https://registry.npmjs.org/@types/d3-scale/-/d3-scale-1.0.13.tgz",
      "integrity": "sha512-VkytFyGGRVNBn/CBfvstjta9elXALBAgg9yTqHHAglOTTR8EhPDQYBnMwE2kOYxu32kBXzUNXKdFCA9YejKjnw==",
      "optional": true,
      "requires": {
        "@types/d3-time": "1.0.8"
      }
    },
    "@types/d3-selection": {
      "version": "1.3.1",
      "resolved": "https://registry.npmjs.org/@types/d3-selection/-/d3-selection-1.3.1.tgz",
      "integrity": "sha512-G+eO+2G1iW3GNrROxhoU+ar+bIJbQq1QkxcfhwjQ19xA20n3T31j5pSJqAOWvPSoFTz4Ets/DQgYhmgT4jepDg=="
    },
    "@types/d3-shape": {
      "version": "1.2.3",
      "resolved": "https://registry.npmjs.org/@types/d3-shape/-/d3-shape-1.2.3.tgz",
      "integrity": "sha512-iP9TcX0EVi+LlX+jK9ceS+yhEz5abTitF+JaO2ugpRE/J+bccaYLe/0/3LETMmdaEkYarIyboZW8OF67Mpnj1w==",
      "optional": true,
      "requires": {
        "@types/d3-path": "1.0.7"
      }
    },
    "@types/d3-time": {
      "version": "1.0.8",
      "resolved": "https://registry.npmjs.org/@types/d3-time/-/d3-time-1.0.8.tgz",
      "integrity": "sha512-/UCphyyw97YAq4zKsuXH33R3UNB4jDSza0fLvMubWr/ONh9IePi1NbgFP222blhiCe724ebJs8U87+aDuAq/jA=="
    },
    "@types/d3-time-format": {
      "version": "2.1.0",
      "resolved": "https://registry.npmjs.org/@types/d3-time-format/-/d3-time-format-2.1.0.tgz",
      "integrity": "sha512-/myT3I7EwlukNOX2xVdMzb8FRgNzRMpsZddwst9Ld/VFe6LyJyRp0s32l/V9XoUzk+Gqu56F/oGk6507+8BxrA==",
      "optional": true
    },
    "@types/d3-timer": {
      "version": "1.0.7",
      "resolved": "https://registry.npmjs.org/@types/d3-timer/-/d3-timer-1.0.7.tgz",
      "integrity": "sha512-830pT+aYZrgbA91AuynP3KldfB1A1s60d0gKiV+L7JcSKSJapUzUffAm8VZod7RQOxF5SzoItV6cvrTzjbmrJQ==",
      "optional": true
    },
    "@types/d3-transition": {
      "version": "1.1.2",
      "resolved": "https://registry.npmjs.org/@types/d3-transition/-/d3-transition-1.1.2.tgz",
      "integrity": "sha512-sTENKlKkUaKUYjeYIj69VYIi3VKeBinY/pYdy5VkjNmEOIasUtZIyAY04waMU4Rq7u+czKQdcP7Aoaf5wpDGfA==",
      "optional": true,
      "requires": {
        "@types/d3-selection": "1.3.1"
      }
    },
    "@types/d3-voronoi": {
      "version": "1.1.7",
      "resolved": "https://registry.npmjs.org/@types/d3-voronoi/-/d3-voronoi-1.1.7.tgz",
      "integrity": "sha512-/dHFLK5jhXTb/W4XEQcFydVk8qlIAo85G3r7+N2fkBFw190l0R1GQ8C1VPeXBb2GfSU5GbT2hjlnE7i7UY5Gvg==",
      "optional": true
    },
    "@types/d3-zoom": {
      "version": "1.7.1",
      "resolved": "https://registry.npmjs.org/@types/d3-zoom/-/d3-zoom-1.7.1.tgz",
      "integrity": "sha512-Ofjwz6Pt53tRef9TAwwayN+JThNVYC/vFOepa/H4KtwjhsqkmEseHvc2jpJM7vye5PQ5XHtTSOpdY4Y/6xZWEg==",
      "optional": true,
      "requires": {
        "@types/d3-interpolate": "1.2.0",
        "@types/d3-selection": "1.3.1"
      }
    },
    "@types/geojson": {
      "version": "7946.0.4",
      "resolved": "https://registry.npmjs.org/@types/geojson/-/geojson-7946.0.4.tgz",
      "integrity": "sha512-MHmwBtCb7OCv1DSivz2UNJXPGU/1btAWRKlqJ2saEhVJkpkvqHMMaOpKg0v4sAbDWSQekHGvPVMM8nQ+Jen03Q==",
      "optional": true
    },
    "accepts": {
      "version": "1.3.5",
      "resolved": "https://registry.npmjs.org/accepts/-/accepts-1.3.5.tgz",
      "integrity": "sha1-63d99gEXI6OxTopywIBcjoZ0a9I=",
      "requires": {
        "mime-types": "2.1.19",
        "negotiator": "0.6.1"
      }
    },
    "array-flatten": {
      "version": "1.1.1",
      "resolved": "https://registry.npmjs.org/array-flatten/-/array-flatten-1.1.1.tgz",
      "integrity": "sha1-ml9pkFGx5wczKPKgCJaLZOopVdI="
    },
    "body-parser": {
      "version": "1.18.2",
      "resolved": "https://registry.npmjs.org/body-parser/-/body-parser-1.18.2.tgz",
      "integrity": "sha1-h2eKGdhLR9hZuDGZvVm84iKxBFQ=",
      "requires": {
        "bytes": "3.0.0",
        "content-type": "1.0.4",
        "debug": "2.6.9",
        "depd": "1.1.2",
        "http-errors": "1.6.3",
        "iconv-lite": "0.4.19",
        "on-finished": "2.3.0",
        "qs": "6.5.1",
        "raw-body": "2.3.2",
        "type-is": "1.6.16"
      }
    },
    "bootstrap": {
      "version": "3.3.7",
      "resolved": "https://registry.npmjs.org/bootstrap/-/bootstrap-3.3.7.tgz",
      "integrity": "sha1-WjiTlFSfIzMIdaOxUGVldPip63E="
    },
    "bootstrap-datepicker": {
      "version": "1.8.0",
      "resolved": "https://registry.npmjs.org/bootstrap-datepicker/-/bootstrap-datepicker-1.8.0.tgz",
      "integrity": "sha512-213St/G8KT3mjs4qu4qwww74KWysMaIeqgq5OhrboZjIjemIpyuxlSo9FNNI5+KzpkkxkRRba+oewiRGV42B1A==",
      "optional": true,
      "requires": {
        "jquery": "3.2.1"
      }
    },
    "bootstrap-sass": {
      "version": "3.3.7",
      "resolved": "https://registry.npmjs.org/bootstrap-sass/-/bootstrap-sass-3.3.7.tgz",
      "integrity": "sha1-ZZbHq0D2Y3OTMjqwvIDQZPxjBJg=",
      "optional": true
    },
    "bootstrap-select": {
      "version": "1.12.2",
      "resolved": "https://registry.npmjs.org/bootstrap-select/-/bootstrap-select-1.12.2.tgz",
      "integrity": "sha1-WNCVs/1YSzFEOGb745tv3U5OEqQ=",
      "optional": true,
      "requires": {
        "jquery": "3.2.1"
      }
    },
    "bootstrap-slider": {
      "version": "9.10.0",
      "resolved": "https://registry.npmjs.org/bootstrap-slider/-/bootstrap-slider-9.10.0.tgz",
      "integrity": "sha1-EQPWvADPv6jPyaJZmrUYxVZD2j8=",
      "optional": true
    },
    "bootstrap-switch": {
      "version": "3.3.4",
      "resolved": "https://registry.npmjs.org/bootstrap-switch/-/bootstrap-switch-3.3.4.tgz",
      "integrity": "sha1-cOCusqh3wNx2aZHeEI4hcPwpov8=",
      "optional": true
    },
    "bootstrap-touchspin": {
      "version": "3.1.1",
      "resolved": "https://registry.npmjs.org/bootstrap-touchspin/-/bootstrap-touchspin-3.1.1.tgz",
      "integrity": "sha1-l3nerHKq9Xfl52K4USx0fIcdlZc=",
      "optional": true
    },
    "bytes": {
      "version": "3.0.0",
      "resolved": "https://registry.npmjs.org/bytes/-/bytes-3.0.0.tgz",
      "integrity": "sha1-0ygVQE1olpn4Wk6k+odV3ROpYEg="
    },
    "c3": {
      "version": "0.4.23",
      "resolved": "https://registry.npmjs.org/c3/-/c3-0.4.23.tgz",
      "integrity": "sha512-fI6hbx1QoATU0gRQtPWsUGWX+ssXhxGH1ogew32KjVmGHFE4WmfmBkh+RkuHDoeCIoGFon7XTpKcwUZpBGW4mQ==",
      "optional": true,
      "requires": {
        "d3": "3.5.17"
      }
    },
    "content-disposition": {
      "version": "0.5.2",
      "resolved": "https://registry.npmjs.org/content-disposition/-/content-disposition-0.5.2.tgz",
      "integrity": "sha1-DPaLud318r55YcOoUXjLhdunjLQ="
    },
    "content-type": {
      "version": "1.0.4",
      "resolved": "https://registry.npmjs.org/content-type/-/content-type-1.0.4.tgz",
      "integrity": "sha512-hIP3EEPs8tB9AT1L+NUqtwOAps4mk2Zob89MWXMHjHWg9milF/j4osnnQLXBCBFBk/tvIG/tUc9mOUJiPBhPXA=="
    },
    "cookie": {
      "version": "0.3.1",
      "resolved": "https://registry.npmjs.org/cookie/-/cookie-0.3.1.tgz",
      "integrity": "sha1-5+Ch+e9DtMi6klxcWpboBtFoc7s="
    },
    "cookie-signature": {
      "version": "1.0.6",
      "resolved": "https://registry.npmjs.org/cookie-signature/-/cookie-signature-1.0.6.tgz",
      "integrity": "sha1-4wOogrNCzD7oylE6eZmXNNqzriw="
    },
    "d3": {
      "version": "3.5.17",
      "resolved": "https://registry.npmjs.org/d3/-/d3-3.5.17.tgz",
      "integrity": "sha1-vEZ0gAQ3iyGjYMn8fPUjF5B2L7g=",
      "optional": true
    },
    "datatables.net": {
      "version": "1.10.19",
      "resolved": "https://registry.npmjs.org/datatables.net/-/datatables.net-1.10.19.tgz",
      "integrity": "sha512-+ljXcI6Pj3PTGy5pesp3E5Dr3x3AV45EZe0o1r0gKENN2gafBKXodVnk2ypKwl2tTmivjxbkiqoWnipTefyBTA==",
      "requires": {
        "jquery": "3.2.1"
      }
    },
    "datatables.net-bs": {
      "version": "1.10.19",
      "resolved": "https://registry.npmjs.org/datatables.net-bs/-/datatables.net-bs-1.10.19.tgz",
      "integrity": "sha512-5gxoI2n+duZP06+4xVC2TtH6zcY369/TRKTZ1DdSgDcDUl4OYQsrXCuaLJmbVzna/5Y5lrMmK7CxgvYgIynICA==",
      "optional": true,
      "requires": {
        "datatables.net": "1.10.19",
        "jquery": "3.2.1"
      }
    },
    "datatables.net-colreorder": {
      "version": "1.5.1",
      "resolved": "https://registry.npmjs.org/datatables.net-colreorder/-/datatables.net-colreorder-1.5.1.tgz",
      "integrity": "sha512-nKV0ZBOdOG+CCrtDZZlTOvhu9NC53pr4rYR8Xhd3KIKipLZohWWdBoOFGMu+VKDvllg2Xj79oS/wicYSiNyteA==",
      "optional": true,
      "requires": {
        "datatables.net": "1.10.19",
        "jquery": "3.2.1"
      }
    },
    "datatables.net-colreorder-bs": {
      "version": "1.3.3",
      "resolved": "https://registry.npmjs.org/datatables.net-colreorder-bs/-/datatables.net-colreorder-bs-1.3.3.tgz",
      "integrity": "sha1-Op3LCN7r612FQHlZHgbkk615OlM=",
      "optional": true,
      "requires": {
        "datatables.net-bs": "1.10.19",
        "datatables.net-colreorder": "1.5.1",
        "jquery": "3.2.1"
      }
    },
    "datatables.net-select": {
      "version": "1.2.7",
      "resolved": "https://registry.npmjs.org/datatables.net-select/-/datatables.net-select-1.2.7.tgz",
      "integrity": "sha512-C3XDi7wpruGjDXV36dc9hN/FrAX9GOFvBZ7+KfKJTBNkGFbbhdzHS91SMeGiwRXPYivAyxfPTcVVndVaO83uBQ==",
      "optional": true,
      "requires": {
        "datatables.net": "1.10.19",
        "jquery": "3.2.1"
      }
    },
    "debug": {
      "version": "2.6.9",
      "resolved": "https://registry.npmjs.org/debug/-/debug-2.6.9.tgz",
      "integrity": "sha512-bC7ElrdJaJnPbAP+1EotYvqZsb3ecl5wi6Bfi6BJTUcNowp6cvspg0jXznRTKDjm/E7AdgFBVeAPVMNcKGsHMA==",
      "requires": {
        "ms": "2.0.0"
      }
    },
    "depd": {
      "version": "1.1.2",
      "resolved": "https://registry.npmjs.org/depd/-/depd-1.1.2.tgz",
      "integrity": "sha1-m81S4UwJd2PnSbJ0xDRu0uVgtak="
    },
    "destroy": {
      "version": "1.0.4",
      "resolved": "https://registry.npmjs.org/destroy/-/destroy-1.0.4.tgz",
      "integrity": "sha1-l4hXRCxEdJ5CBmE+N5RiBYJqvYA="
    },
    "drmonty-datatables-colvis": {
      "version": "1.1.2",
      "resolved": "https://registry.npmjs.org/drmonty-datatables-colvis/-/drmonty-datatables-colvis-1.1.2.tgz",
      "integrity": "sha1-lque37SGQ8wu3aP4e4iTPN7oEnw=",
      "optional": true,
      "requires": {
        "jquery": "3.2.1"
      }
    },
    "ee-first": {
      "version": "1.1.1",
      "resolved": "https://registry.npmjs.org/ee-first/-/ee-first-1.1.1.tgz",
      "integrity": "sha1-WQxhFWsK4vTwJVcyoViyZrxWsh0="
    },
    "encodeurl": {
      "version": "1.0.2",
      "resolved": "https://registry.npmjs.org/encodeurl/-/encodeurl-1.0.2.tgz",
      "integrity": "sha1-rT/0yG7C0CkyL1oCw6mmBslbP1k="
    },
    "eonasdan-bootstrap-datetimepicker": {
      "version": "4.17.47",
      "resolved": "https://registry.npmjs.org/eonasdan-bootstrap-datetimepicker/-/eonasdan-bootstrap-datetimepicker-4.17.47.tgz",
      "integrity": "sha1-ekmXAEQGUnbnll79Fvgic1IZ5zU=",
      "optional": true,
      "requires": {
        "bootstrap": "3.3.7",
        "jquery": "3.2.1",
        "moment": "2.22.2",
        "moment-timezone": "0.4.1"
      }
    },
    "escape-html": {
      "version": "1.0.3",
      "resolved": "https://registry.npmjs.org/escape-html/-/escape-html-1.0.3.tgz",
      "integrity": "sha1-Aljq5NPQwJdN4cFpGI7wBR0dGYg="
    },
    "etag": {
      "version": "1.8.1",
      "resolved": "https://registry.npmjs.org/etag/-/etag-1.8.1.tgz",
      "integrity": "sha1-Qa4u62XvpiJorr/qg6x9eSmbCIc="
    },
    "express": {
      "version": "4.16.3",
      "resolved": "https://registry.npmjs.org/express/-/express-4.16.3.tgz",
      "integrity": "sha1-avilAjUNsyRuzEvs9rWjTSL37VM=",
      "requires": {
        "accepts": "1.3.5",
        "array-flatten": "1.1.1",
        "body-parser": "1.18.2",
        "content-disposition": "0.5.2",
        "content-type": "1.0.4",
        "cookie": "0.3.1",
        "cookie-signature": "1.0.6",
        "debug": "2.6.9",
        "depd": "1.1.2",
        "encodeurl": "1.0.2",
        "escape-html": "1.0.3",
        "etag": "1.8.1",
        "finalhandler": "1.1.1",
        "fresh": "0.5.2",
        "merge-descriptors": "1.0.1",
        "methods": "1.1.2",
        "on-finished": "2.3.0",
        "parseurl": "1.3.2",
        "path-to-regexp": "0.1.7",
        "proxy-addr": "2.0.3",
        "qs": "6.5.1",
        "range-parser": "1.2.0",
        "safe-buffer": "5.1.1",
        "send": "0.16.2",
        "serve-static": "1.13.2",
        "setprototypeof": "1.1.0",
        "statuses": "1.4.0",
        "type-is": "1.6.16",
        "utils-merge": "1.0.1",
        "vary": "1.1.2"
      }
    },
    "finalhandler": {
      "version": "1.1.1",
      "resolved": "https://registry.npmjs.org/finalhandler/-/finalhandler-1.1.1.tgz",
      "integrity": "sha512-Y1GUDo39ez4aHAw7MysnUD5JzYX+WaIj8I57kO3aEPT1fFRL4sr7mjei97FgnwhAyyzRYmQZaTHb2+9uZ1dPtg==",
      "requires": {
        "debug": "2.6.9",
        "encodeurl": "1.0.2",
        "escape-html": "1.0.3",
        "on-finished": "2.3.0",
        "parseurl": "1.3.2",
        "statuses": "1.4.0",
        "unpipe": "1.0.0"
      }
    },
    "font-awesome": {
      "version": "4.7.0",
      "resolved": "https://registry.npmjs.org/font-awesome/-/font-awesome-4.7.0.tgz",
      "integrity": "sha1-j6jPBBGhoxr9B7BtKQK7n8gVoTM="
    },
    "font-awesome-sass": {
      "version": "4.7.0",
      "resolved": "https://registry.npmjs.org/font-awesome-sass/-/font-awesome-sass-4.7.0.tgz",
      "integrity": "sha1-TtppPpFQCc4Asijglk3F7Km8NOE=",
      "optional": true
    },
    "forwarded": {
      "version": "0.1.2",
      "resolved": "https://registry.npmjs.org/forwarded/-/forwarded-0.1.2.tgz",
      "integrity": "sha1-mMI9qxF1ZXuMBXPozszZGw/xjIQ="
    },
    "fresh": {
      "version": "0.5.2",
      "resolved": "https://registry.npmjs.org/fresh/-/fresh-0.5.2.tgz",
      "integrity": "sha1-PYyt2Q2XZWn6g1qx+OSyOhBWBac="
    },
    "google-code-prettify": {
      "version": "1.0.5",
      "resolved": "https://registry.npmjs.org/google-code-prettify/-/google-code-prettify-1.0.5.tgz",
      "integrity": "sha1-n0d/Ik2/piNy5e+AOn4VdBBAAIQ=",
      "optional": true
    },
    "http-errors": {
      "version": "1.6.3",
      "resolved": "https://registry.npmjs.org/http-errors/-/http-errors-1.6.3.tgz",
      "integrity": "sha1-i1VoC7S+KDoLW/TqLjhYC+HZMg0=",
      "requires": {
        "depd": "1.1.2",
        "inherits": "2.0.3",
        "setprototypeof": "1.1.0",
        "statuses": "1.4.0"
      }
    },
    "iconv-lite": {
      "version": "0.4.19",
      "resolved": "https://registry.npmjs.org/iconv-lite/-/iconv-lite-0.4.19.tgz",
      "integrity": "sha512-oTZqweIP51xaGPI4uPa56/Pri/480R+mo7SeU+YETByQNhDG55ycFyNLIgta9vXhILrxXDmF7ZGhqZIcuN0gJQ=="
    },
    "inherits": {
      "version": "2.0.3",
      "resolved": "https://registry.npmjs.org/inherits/-/inherits-2.0.3.tgz",
      "integrity": "sha1-Yzwsg+PaQqUC9SRmAiSA9CCCYd4="
    },
    "ipaddr.js": {
      "version": "1.6.0",
      "resolved": "https://registry.npmjs.org/ipaddr.js/-/ipaddr.js-1.6.0.tgz",
      "integrity": "sha1-4/o1e3c9phnybpXwSdBVxyeW+Gs="
    },
    "jquery": {
      "version": "3.2.1",
      "resolved": "https://registry.npmjs.org/jquery/-/jquery-3.2.1.tgz",
      "integrity": "sha1-XE2d5lKvbNCncBVKYxu6ErAVx4c="
    },
    "jquery-match-height": {
      "version": "0.7.2",
      "resolved": "https://registry.npmjs.org/jquery-match-height/-/jquery-match-height-0.7.2.tgz",
      "integrity": "sha1-+NnzulMU2qsQnPB0CGdL4gS+Xw4=",
      "optional": true
    },
    "media-typer": {
      "version": "0.3.0",
      "resolved": "https://registry.npmjs.org/media-typer/-/media-typer-0.3.0.tgz",
      "integrity": "sha1-hxDXrwqmJvj/+hzgAWhUUmMlV0g="
    },
    "merge-descriptors": {
      "version": "1.0.1",
      "resolved": "https://registry.npmjs.org/merge-descriptors/-/merge-descriptors-1.0.1.tgz",
      "integrity": "sha1-sAqqVW3YtEVoFQ7J0blT8/kMu2E="
    },
    "methods": {
      "version": "1.1.2",
      "resolved": "https://registry.npmjs.org/methods/-/methods-1.1.2.tgz",
      "integrity": "sha1-VSmk1nZUE07cxSZmVoNbD4Ua/O4="
    },
    "mime": {
      "version": "1.4.1",
      "resolved": "https://registry.npmjs.org/mime/-/mime-1.4.1.tgz",
      "integrity": "sha512-KI1+qOZu5DcW6wayYHSzR/tXKCDC5Om4s1z2QJjDULzLcmf3DvzS7oluY4HCTrc+9FiKmWUgeNLg7W3uIQvxtQ=="
    },
    "mime-db": {
      "version": "1.35.0",
      "resolved": "https://registry.npmjs.org/mime-db/-/mime-db-1.35.0.tgz",
      "integrity": "sha512-JWT/IcCTsB0Io3AhWUMjRqucrHSPsSf2xKLaRldJVULioggvkJvggZ3VXNNSRkCddE6D+BUI4HEIZIA2OjwIvg=="
    },
    "mime-types": {
      "version": "2.1.19",
      "resolved": "https://registry.npmjs.org/mime-types/-/mime-types-2.1.19.tgz",
      "integrity": "sha512-P1tKYHVSZ6uFo26mtnve4HQFE3koh1UWVkp8YUC+ESBHe945xWSoXuHHiGarDqcEZ+whpCDnlNw5LON0kLo+sw==",
      "requires": {
        "mime-db": "1.35.0"
      }
    },
    "moment": {
      "version": "2.22.2",
      "resolved": "https://registry.npmjs.org/moment/-/moment-2.22.2.tgz",
      "integrity": "sha1-PCV/mDn8DpP/UxSWMiOeuQeD/2Y="
    },
    "moment-timezone": {
      "version": "0.4.1",
      "resolved": "https://registry.npmjs.org/moment-timezone/-/moment-timezone-0.4.1.tgz",
      "integrity": "sha1-gfWYw61eIs2teWtn7NjYjQ9bqgY=",
      "optional": true,
      "requires": {
        "moment": "2.22.2"
      }
    },
    "ms": {
      "version": "2.0.0",
      "resolved": "https://registry.npmjs.org/ms/-/ms-2.0.0.tgz",
      "integrity": "sha1-VgiurfwAvmwpAd9fmGF4jeDVl8g="
    },
    "negotiator": {
      "version": "0.6.1",
      "resolved": "https://registry.npmjs.org/negotiator/-/negotiator-0.6.1.tgz",
      "integrity": "sha1-KzJxhOiZIQEXeyhWP7XnECrNDKk="
    },
    "on-finished": {
      "version": "2.3.0",
      "resolved": "https://registry.npmjs.org/on-finished/-/on-finished-2.3.0.tgz",
      "integrity": "sha1-IPEzZIGwg811M3mSoWlxqi2QaUc=",
      "requires": {
        "ee-first": "1.1.1"
      }
    },
    "parseurl": {
      "version": "1.3.2",
      "resolved": "https://registry.npmjs.org/parseurl/-/parseurl-1.3.2.tgz",
      "integrity": "sha1-/CidTtiZMRlGDBViUyYs3I3mW/M="
    },
    "path-to-regexp": {
      "version": "0.1.7",
      "resolved": "https://registry.npmjs.org/path-to-regexp/-/path-to-regexp-0.1.7.tgz",
      "integrity": "sha1-32BBeABfUi8V60SQ5yR6G/qmf4w="
    },
    "patternfly": {
      "version": "3.52.3",
      "resolved": "https://registry.npmjs.org/patternfly/-/patternfly-3.52.3.tgz",
      "integrity": "sha1-guVRYhXaURB1cnlNdi/hq1LehZo=",
      "requires": {
        "@types/c3": "0.6.0",
        "bootstrap": "3.3.7",
        "bootstrap-datepicker": "1.8.0",
        "bootstrap-sass": "3.3.7",
        "bootstrap-select": "1.12.2",
        "bootstrap-slider": "9.10.0",
        "bootstrap-switch": "3.3.4",
        "bootstrap-touchspin": "3.1.1",
        "c3": "0.4.23",
        "d3": "3.5.17",
        "datatables.net": "1.10.19",
        "datatables.net-colreorder": "1.5.1",
        "datatables.net-colreorder-bs": "1.3.3",
        "datatables.net-select": "1.2.7",
        "drmonty-datatables-colvis": "1.1.2",
        "eonasdan-bootstrap-datetimepicker": "4.17.47",
        "font-awesome": "4.7.0",
        "font-awesome-sass": "4.7.0",
        "google-code-prettify": "1.0.5",
        "jquery": "3.2.1",
        "jquery-match-height": "0.7.2",
        "moment": "2.22.2",
        "moment-timezone": "0.4.1",
        "patternfly-bootstrap-combobox": "1.1.7",
        "patternfly-bootstrap-treeview": "2.1.5"
      }
    },
    "patternfly-bootstrap-combobox": {
      "version": "1.1.7",
      "resolved": "https://registry.npmjs.org/patternfly-bootstrap-combobox/-/patternfly-bootstrap-combobox-1.1.7.tgz",
      "integrity": "sha1-al48zRFwwhs8S0qhaKdBPh3btuE=",
      "optional": true
    },
    "patternfly-bootstrap-treeview": {
      "version": "2.1.5",
      "resolved": "https://registry.npmjs.org/patternfly-bootstrap-treeview/-/patternfly-bootstrap-treeview-2.1.5.tgz",
      "integrity": "sha1-TCnyWC+4ovKPCpKPLw0yTSHWmQ0=",
      "optional": true,
      "requires": {
        "bootstrap": "3.3.7",
        "jquery": "3.2.1"
      }
    },
    "proxy-addr": {
      "version": "2.0.3",
      "resolved": "https://registry.npmjs.org/proxy-addr/-/proxy-addr-2.0.3.tgz",
      "integrity": "sha512-jQTChiCJteusULxjBp8+jftSQE5Obdl3k4cnmLA6WXtK6XFuWRnvVL7aCiBqaLPM8c4ph0S4tKna8XvmIwEnXQ==",
      "requires": {
        "forwarded": "0.1.2",
        "ipaddr.js": "1.6.0"
      }
    },
    "qs": {
      "version": "6.5.1",
      "resolved": "https://registry.npmjs.org/qs/-/qs-6.5.1.tgz",
      "integrity": "sha512-eRzhrN1WSINYCDCbrz796z37LOe3m5tmW7RQf6oBntukAG1nmovJvhnwHHRMAfeoItc1m2Hk02WER2aQ/iqs+A=="
    },
    "range-parser": {
      "version": "1.2.0",
      "resolved": "https://registry.npmjs.org/range-parser/-/range-parser-1.2.0.tgz",
      "integrity": "sha1-9JvmtIeJTdxA3MlKMi9hEJLgDV4="
    },
    "raw-body": {
      "version": "2.3.2",
      "resolved": "https://registry.npmjs.org/raw-body/-/raw-body-2.3.2.tgz",
      "integrity": "sha1-vNYMd9Prk83gBQKVw/N5OJvIj4k=",
      "requires": {
        "bytes": "3.0.0",
        "http-errors": "1.6.2",
        "iconv-lite": "0.4.19",
        "unpipe": "1.0.0"
      },
      "dependencies": {
        "depd": {
          "version": "1.1.1",
          "resolved": "https://registry.npmjs.org/depd/-/depd-1.1.1.tgz",
          "integrity": "sha1-V4O04cRZ8G+lyif5kfPQbnoxA1k="
        },
        "http-errors": {
          "version": "1.6.2",
          "resolved": "https://registry.npmjs.org/http-errors/-/http-errors-1.6.2.tgz",
          "integrity": "sha1-CgAsyFcHGSp+eUbO7cERVfYOxzY=",
          "requires": {
            "depd": "1.1.1",
            "inherits": "2.0.3",
            "setprototypeof": "1.0.3",
            "statuses": "1.4.0"
          }
        },
        "setprototypeof": {
          "version": "1.0.3",
          "resolved": "https://registry.npmjs.org/setprototypeof/-/setprototypeof-1.0.3.tgz",
          "integrity": "sha1-ZlZ+NwQ+608E2RvWWMDL77VbjgQ="
        }
      }
    },
    "safe-buffer": {
      "version": "5.1.1",
      "resolved": "https://registry.npmjs.org/safe-buffer/-/safe-buffer-5.1.1.tgz",
      "integrity": "sha512-kKvNJn6Mm93gAczWVJg7wH+wGYWNrDHdWvpUmHyEsgCtIwwo3bqPtV4tR5tuPaUhTOo/kvhVwd8XwwOllGYkbg=="
    },
    "send": {
      "version": "0.16.2",
      "resolved": "https://registry.npmjs.org/send/-/send-0.16.2.tgz",
      "integrity": "sha512-E64YFPUssFHEFBvpbbjr44NCLtI1AohxQ8ZSiJjQLskAdKuriYEP6VyGEsRDH8ScozGpkaX1BGvhanqCwkcEZw==",
      "requires": {
        "debug": "2.6.9",
        "depd": "1.1.2",
        "destroy": "1.0.4",
        "encodeurl": "1.0.2",
        "escape-html": "1.0.3",
        "etag": "1.8.1",
        "fresh": "0.5.2",
        "http-errors": "1.6.3",
        "mime": "1.4.1",
        "ms": "2.0.0",
        "on-finished": "2.3.0",
        "range-parser": "1.2.0",
        "statuses": "1.4.0"
      }
    },
    "serve-static": {
      "version": "1.13.2",
      "resolved": "https://registry.npmjs.org/serve-static/-/serve-static-1.13.2.tgz",
      "integrity": "sha512-p/tdJrO4U387R9oMjb1oj7qSMaMfmOyd4j9hOFoxZe2baQszgHcSWjuya/CiT5kgZZKRudHNOA0pYXOl8rQ5nw==",
      "requires": {
        "encodeurl": "1.0.2",
        "escape-html": "1.0.3",
        "parseurl": "1.3.2",
        "send": "0.16.2"
      }
    },
    "setprototypeof": {
      "version": "1.1.0",
      "resolved": "https://registry.npmjs.org/setprototypeof/-/setprototypeof-1.1.0.tgz",
      "integrity": "sha512-BvE/TwpZX4FXExxOxZyRGQQv651MSwmWKZGqvmPcRIjDqWub67kTKuIMx43cZZrS/cBBzwBcNDWoFxt2XEFIpQ=="
    },
    "statuses": {
      "version": "1.4.0",
      "resolved": "https://registry.npmjs.org/statuses/-/statuses-1.4.0.tgz",
      "integrity": "sha512-zhSCtt8v2NDrRlPQpCNtw/heZLtfUDqxBM1udqikb/Hbk52LK4nQSwr10u77iopCW5LsyHpuXS0GnEc48mLeew=="
    },
    "type-is": {
      "version": "1.6.16",
      "resolved": "https://registry.npmjs.org/type-is/-/type-is-1.6.16.tgz",
      "integrity": "sha512-HRkVv/5qY2G6I8iab9cI7v1bOIdhm94dVjQCPFElW9W+3GeDOSHmy2EBYe4VTApuzolPcmgFTN3ftVJRKR2J9Q==",
      "requires": {
        "media-typer": "0.3.0",
        "mime-types": "2.1.19"
      }
    },
    "unpipe": {
      "version": "1.0.0",
      "resolved": "https://registry.npmjs.org/unpipe/-/unpipe-1.0.0.tgz",
      "integrity": "sha1-sr9O6FFKrmFltIF4KdIbLvSZBOw="
    },
    "utils-merge": {
      "version": "1.0.1",
      "resolved": "https://registry.npmjs.org/utils-merge/-/utils-merge-1.0.1.tgz",
      "integrity": "sha1-n5VxD1CiZ5R7LMwSR0HBAoQn5xM="
    },
    "vary": {
      "version": "1.1.2",
      "resolved": "https://registry.npmjs.org/vary/-/vary-1.1.2.tgz",
      "integrity": "sha1-IpnwLG3tMNSllhsLn3RSShj2NPw="
    }
  }
}
